# THIS IS AN AUTOGENERATED FILE. DO NOT EDIT THIS FILE DIRECTLY.
# yarn lockfile v1


"@babel/parser@^7.23.0":
  version "7.23.0"
  resolved "https://registry.yarnpkg.com/@babel/parser/-/parser-7.23.0.tgz#da950e622420bf96ca0d0f2909cdddac3acd8719"
  integrity sha512-vvPKKdMemU85V9WE/l5wZEmImpCtLqbnTvqDS2U1fJ96KrxoW7KrXhNsNCblQlg8Ck4b85yxdTyelsMUgFUXiw==

"@esbuild/android-arm64@0.18.11":
  version "0.18.11"
  resolved "https://registry.yarnpkg.com/@esbuild/android-arm64/-/android-arm64-0.18.11.tgz#fa6f0cc7105367cb79cc0a8bf32bf50cb1673e45"
  integrity sha512-snieiq75Z1z5LJX9cduSAjUr7vEI1OdlzFPMw0HH5YI7qQHDd3qs+WZoMrWYDsfRJSq36lIA6mfZBkvL46KoIw==

"@esbuild/android-arm@0.18.11":
  version "0.18.11"
  resolved "https://registry.yarnpkg.com/@esbuild/android-arm/-/android-arm-0.18.11.tgz#ae84a410696c9f549a15be94eaececb860bacacb"
  integrity sha512-q4qlUf5ucwbUJZXF5tEQ8LF7y0Nk4P58hOsGk3ucY0oCwgQqAnqXVbUuahCddVHfrxmpyewRpiTHwVHIETYu7Q==

"@esbuild/android-x64@0.18.11":
  version "0.18.11"
  resolved "https://registry.yarnpkg.com/@esbuild/android-x64/-/android-x64-0.18.11.tgz#0e58360bbc789ad0d68174d32ba20e678c2a16b6"
  integrity sha512-iPuoxQEV34+hTF6FT7om+Qwziv1U519lEOvekXO9zaMMlT9+XneAhKL32DW3H7okrCOBQ44BMihE8dclbZtTuw==

"@esbuild/darwin-arm64@0.18.11":
  version "0.18.11"
  resolved "https://registry.yarnpkg.com/@esbuild/darwin-arm64/-/darwin-arm64-0.18.11.tgz#fcdcd2ef76ca656540208afdd84f284072f0d1f9"
  integrity sha512-Gm0QkI3k402OpfMKyQEEMG0RuW2LQsSmI6OeO4El2ojJMoF5NLYb3qMIjvbG/lbMeLOGiW6ooU8xqc+S0fgz2w==

"@esbuild/darwin-x64@0.18.11":
  version "0.18.11"
  resolved "https://registry.yarnpkg.com/@esbuild/darwin-x64/-/darwin-x64-0.18.11.tgz#c5ac602ec0504a8ff81e876bc8a9811e94d69d37"
  integrity sha512-N15Vzy0YNHu6cfyDOjiyfJlRJCB/ngKOAvoBf1qybG3eOq0SL2Lutzz9N7DYUbb7Q23XtHPn6lMDF6uWbGv9Fw==

"@esbuild/freebsd-arm64@0.18.11":
  version "0.18.11"
  resolved "https://registry.yarnpkg.com/@esbuild/freebsd-arm64/-/freebsd-arm64-0.18.11.tgz#7012fb06ee3e6e0d5560664a65f3fefbcc46db2e"
  integrity sha512-atEyuq6a3omEY5qAh5jIORWk8MzFnCpSTUruBgeyN9jZq1K/QI9uke0ATi3MHu4L8c59CnIi4+1jDKMuqmR71A==

"@esbuild/freebsd-x64@0.18.11":
  version "0.18.11"
  resolved "https://registry.yarnpkg.com/@esbuild/freebsd-x64/-/freebsd-x64-0.18.11.tgz#c5de1199f70e1f97d5c8fca51afa9bf9a2af5969"
  integrity sha512-XtuPrEfBj/YYYnAAB7KcorzzpGTvOr/dTtXPGesRfmflqhA4LMF0Gh/n5+a9JBzPuJ+CGk17CA++Hmr1F/gI0Q==

"@esbuild/linux-arm64@0.18.11":
  version "0.18.11"
  resolved "https://registry.yarnpkg.com/@esbuild/linux-arm64/-/linux-arm64-0.18.11.tgz#2a6d3a74e0b8b5f294e22b4515b29f76ebd42660"
  integrity sha512-c6Vh2WS9VFKxKZ2TvJdA7gdy0n6eSy+yunBvv4aqNCEhSWVor1TU43wNRp2YLO9Vng2G+W94aRz+ILDSwAiYog==

"@esbuild/linux-arm@0.18.11":
  version "0.18.11"
  resolved "https://registry.yarnpkg.com/@esbuild/linux-arm/-/linux-arm-0.18.11.tgz#5175bd61b793b436e4aece6328aa0d9be07751e1"
  integrity sha512-Idipz+Taso/toi2ETugShXjQ3S59b6m62KmLHkJlSq/cBejixmIydqrtM2XTvNCywFl3VC7SreSf6NV0i6sRyg==

"@esbuild/linux-ia32@0.18.11":
  version "0.18.11"
  resolved "https://registry.yarnpkg.com/@esbuild/linux-ia32/-/linux-ia32-0.18.11.tgz#20ee6cfd65a398875f321a485e7b2278e5f6f67b"
  integrity sha512-S3hkIF6KUqRh9n1Q0dSyYcWmcVa9Cg+mSoZEfFuzoYXXsk6196qndrM+ZiHNwpZKi3XOXpShZZ+9dfN5ykqjjw==

"@esbuild/linux-loong64@0.18.11":
  version "0.18.11"
  resolved "https://registry.yarnpkg.com/@esbuild/linux-loong64/-/linux-loong64-0.18.11.tgz#8e7b251dede75083bf44508dab5edce3f49d052b"
  integrity sha512-MRESANOoObQINBA+RMZW+Z0TJWpibtE7cPFnahzyQHDCA9X9LOmGh68MVimZlM9J8n5Ia8lU773te6O3ILW8kw==

"@esbuild/linux-mips64el@0.18.11":
  version "0.18.11"
  resolved "https://registry.yarnpkg.com/@esbuild/linux-mips64el/-/linux-mips64el-0.18.11.tgz#a3125eb48538ac4932a9d05089b157f94e443165"
  integrity sha512-qVyPIZrXNMOLYegtD1u8EBccCrBVshxMrn5MkuFc3mEVsw7CCQHaqZ4jm9hbn4gWY95XFnb7i4SsT3eflxZsUg==

"@esbuild/linux-ppc64@0.18.11":
  version "0.18.11"
  resolved "https://registry.yarnpkg.com/@esbuild/linux-ppc64/-/linux-ppc64-0.18.11.tgz#842abadb7a0995bd539adee2be4d681b68279499"
  integrity sha512-T3yd8vJXfPirZaUOoA9D2ZjxZX4Gr3QuC3GztBJA6PklLotc/7sXTOuuRkhE9W/5JvJP/K9b99ayPNAD+R+4qQ==

"@esbuild/linux-riscv64@0.18.11":
  version "0.18.11"
  resolved "https://registry.yarnpkg.com/@esbuild/linux-riscv64/-/linux-riscv64-0.18.11.tgz#7ce6e6cee1c72d5b4d2f4f8b6fcccf4a9bea0e28"
  integrity sha512-evUoRPWiwuFk++snjH9e2cAjF5VVSTj+Dnf+rkO/Q20tRqv+644279TZlPK8nUGunjPAtQRCj1jQkDAvL6rm2w==

"@esbuild/linux-s390x@0.18.11":
  version "0.18.11"
  resolved "https://registry.yarnpkg.com/@esbuild/linux-s390x/-/linux-s390x-0.18.11.tgz#98fbc794363d02ded07d300df2e535650b297b96"
  integrity sha512-/SlRJ15XR6i93gRWquRxYCfhTeC5PdqEapKoLbX63PLCmAkXZHY2uQm2l9bN0oPHBsOw2IswRZctMYS0MijFcg==

"@esbuild/linux-x64@0.18.11":
  version "0.18.11"
  resolved "https://registry.yarnpkg.com/@esbuild/linux-x64/-/linux-x64-0.18.11.tgz#f8458ec8cf74c8274e4cacd00744d8446cac52eb"
  integrity sha512-xcncej+wF16WEmIwPtCHi0qmx1FweBqgsRtEL1mSHLFR6/mb3GEZfLQnx+pUDfRDEM4DQF8dpXIW7eDOZl1IbA==

"@esbuild/netbsd-x64@0.18.11":
  version "0.18.11"
  resolved "https://registry.yarnpkg.com/@esbuild/netbsd-x64/-/netbsd-x64-0.18.11.tgz#a7b2f991b8293748a7be42eac1c4325faf0c7cca"
  integrity sha512-aSjMHj/F7BuS1CptSXNg6S3M4F3bLp5wfFPIJM+Km2NfIVfFKhdmfHF9frhiCLIGVzDziggqWll0B+9AUbud/Q==

"@esbuild/openbsd-x64@0.18.11":
  version "0.18.11"
  resolved "https://registry.yarnpkg.com/@esbuild/openbsd-x64/-/openbsd-x64-0.18.11.tgz#3e50923de84c54008f834221130fd23646072b2f"
  integrity sha512-tNBq+6XIBZtht0xJGv7IBB5XaSyvYPCm1PxJ33zLQONdZoLVM0bgGqUrXnJyiEguD9LU4AHiu+GCXy/Hm9LsdQ==

"@esbuild/sunos-x64@0.18.11":
  version "0.18.11"
  resolved "https://registry.yarnpkg.com/@esbuild/sunos-x64/-/sunos-x64-0.18.11.tgz#ae47a550b0cd395de03606ecfba03cc96c7c19e2"
  integrity sha512-kxfbDOrH4dHuAAOhr7D7EqaYf+W45LsAOOhAet99EyuxxQmjbk8M9N4ezHcEiCYPaiW8Dj3K26Z2V17Gt6p3ng==

"@esbuild/win32-arm64@0.18.11":
  version "0.18.11"
  resolved "https://registry.yarnpkg.com/@esbuild/win32-arm64/-/win32-arm64-0.18.11.tgz#05d364582b7862d7fbf4698ef43644f7346dcfcc"
  integrity sha512-Sh0dDRyk1Xi348idbal7lZyfSkjhJsdFeuC13zqdipsvMetlGiFQNdO+Yfp6f6B4FbyQm7qsk16yaZk25LChzg==

"@esbuild/win32-ia32@0.18.11":
  version "0.18.11"
  resolved "https://registry.yarnpkg.com/@esbuild/win32-ia32/-/win32-ia32-0.18.11.tgz#a3372095a4a1939da672156a3c104f8ce85ee616"
  integrity sha512-o9JUIKF1j0rqJTFbIoF4bXj6rvrTZYOrfRcGyL0Vm5uJ/j5CkBD/51tpdxe9lXEDouhRgdr/BYzUrDOvrWwJpg==

"@esbuild/win32-x64@0.18.11":
  version "0.18.11"
  resolved "https://registry.yarnpkg.com/@esbuild/win32-x64/-/win32-x64-0.18.11.tgz#6526c7e1b40d5b9f0a222c6b767c22f6fb97aa57"
  integrity sha512-rQI4cjLHd2hGsM1LqgDI7oOCYbQ6IBOVsX9ejuRMSze0GqXUG2ekwiKkiBU1pRGSeCqFFHxTrcEydB2Hyoz9CA==

"@jridgewell/sourcemap-codec@^1.4.15":
  version "1.4.15"
  resolved "https://registry.yarnpkg.com/@jridgewell/sourcemap-codec/-/sourcemap-codec-1.4.15.tgz#d7c6e6755c78567a951e04ab52ef0fd26de59f32"
  integrity sha512-eF2rxCRulEKXHTRiDrDy6erMYWqNw4LPdQ8UQA4huuxaQsVeRPFl2oM8oDGxMFhJUWZf9McpLtJasDDZb/Bpeg==

"@types/node@^18.18.9":
  version "18.18.9"
  resolved "https://registry.yarnpkg.com/@types/node/-/node-18.18.9.tgz#5527ea1832db3bba8eb8023ce8497b7d3f299592"
  integrity sha512-0f5klcuImLnG4Qreu9hPj/rEfFq6YRc5n2mAjSsH+ec/mJL+3voBH0+8T7o8RpFjH7ovc+TRsL/c7OYIQsPTfQ==
  dependencies:
    undici-types "~5.26.4"

"@vitejs/plugin-vue@^4.4.1":
  version "4.4.1"
  resolved "https://registry.yarnpkg.com/@vitejs/plugin-vue/-/plugin-vue-4.4.1.tgz#5050895fb8b2258d2f228110849df4a8a94b9038"
  integrity sha512-HCQG8VDFDM7YDAdcj5QI5DvUi+r6xvo9LgvYdk7LSkUNwdpempdB5horkMSZsbdey9Ywsf5aaU8kEPw9M5kREA==

"@vue/compiler-core@3.3.8":
  version "3.3.8"
  resolved "https://registry.yarnpkg.com/@vue/compiler-core/-/compiler-core-3.3.8.tgz#301bb60d0245265a88ed5b30e200fbf223acb313"
  integrity sha512-hN/NNBUECw8SusQvDSqqcVv6gWq8L6iAktUR0UF3vGu2OhzRqcOiAno0FmBJWwxhYEXRlQJT5XnoKsVq1WZx4g==
  dependencies:
    "@babel/parser" "^7.23.0"
    "@vue/shared" "3.3.8"
    estree-walker "^2.0.2"
    source-map-js "^1.0.2"

"@vue/compiler-dom@3.3.8":
  version "3.3.8"
  resolved "https://registry.yarnpkg.com/@vue/compiler-dom/-/compiler-dom-3.3.8.tgz#09d832514b9b8d9415a3816b065d69dbefcc7e9b"
  integrity sha512-+PPtv+p/nWDd0AvJu3w8HS0RIm/C6VGBIRe24b9hSyNWOAPEUosFZ5diwawwP8ip5sJ8n0Pe87TNNNHnvjs0FQ==
  dependencies:
    "@vue/compiler-core" "3.3.8"
    "@vue/shared" "3.3.8"

"@vue/compiler-sfc@3.3.8":
  version "3.3.8"
  resolved "https://registry.yarnpkg.com/@vue/compiler-sfc/-/compiler-sfc-3.3.8.tgz#40b18e48aa00260950964d1d72157668521be0e1"
  integrity sha512-WMzbUrlTjfYF8joyT84HfwwXo+8WPALuPxhy+BZ6R4Aafls+jDBnSz8PDz60uFhuqFbl3HxRfxvDzrUf3THwpA==
  dependencies:
    "@babel/parser" "^7.23.0"
    "@vue/compiler-core" "3.3.8"
    "@vue/compiler-dom" "3.3.8"
    "@vue/compiler-ssr" "3.3.8"
    "@vue/reactivity-transform" "3.3.8"
    "@vue/shared" "3.3.8"
    estree-walker "^2.0.2"
    magic-string "^0.30.5"
    postcss "^8.4.31"
    source-map-js "^1.0.2"

"@vue/compiler-ssr@3.3.8":
  version "3.3.8"
  resolved "https://registry.yarnpkg.com/@vue/compiler-ssr/-/compiler-ssr-3.3.8.tgz#136eed54411e4694815d961048a237191063fbce"
  integrity sha512-hXCqQL/15kMVDBuoBYpUnSYT8doDNwsjvm3jTefnXr+ytn294ySnT8NlsFHmTgKNjwpuFy7XVV8yTeLtNl/P6w==
  dependencies:
    "@vue/compiler-dom" "3.3.8"
    "@vue/shared" "3.3.8"

"@vue/reactivity-transform@3.3.8":
  version "3.3.8"
  resolved "https://registry.yarnpkg.com/@vue/reactivity-transform/-/reactivity-transform-3.3.8.tgz#6d07649013b0be5c670f0ab6cc7ddd3150ad03f2"
  integrity sha512-49CvBzmZNtcHua0XJ7GdGifM8GOXoUMOX4dD40Y5DxI3R8OUhMlvf2nvgUAcPxaXiV5MQQ1Nwy09ADpnLQUqRw==
  dependencies:
    "@babel/parser" "^7.23.0"
    "@vue/compiler-core" "3.3.8"
    "@vue/shared" "3.3.8"
    estree-walker "^2.0.2"
    magic-string "^0.30.5"

"@vue/reactivity@3.3.8":
  version "3.3.8"
  resolved "https://registry.yarnpkg.com/@vue/reactivity/-/reactivity-3.3.8.tgz#cce8a03a3fd3539c3eeda53e277ba365d160dd4d"
  integrity sha512-ctLWitmFBu6mtddPyOKpHg8+5ahouoTCRtmAHZAXmolDtuZXfjL2T3OJ6DL6ezBPQB1SmMnpzjiWjCiMYmpIuw==
  dependencies:
    "@vue/shared" "3.3.8"

"@vue/runtime-core@3.3.8":
  version "3.3.8"
  resolved "https://registry.yarnpkg.com/@vue/runtime-core/-/runtime-core-3.3.8.tgz#fba5a632cbf2b5d29e171489570149cb6975dcdb"
  integrity sha512-qurzOlb6q26KWQ/8IShHkMDOuJkQnQcTIp1sdP4I9MbCf9FJeGVRXJFr2mF+6bXh/3Zjr9TDgURXrsCr9bfjUw==
  dependencies:
    "@vue/reactivity" "3.3.8"
    "@vue/shared" "3.3.8"

"@vue/runtime-dom@3.3.8":
  version "3.3.8"
  resolved "https://registry.yarnpkg.com/@vue/runtime-dom/-/runtime-dom-3.3.8.tgz#e2d7aa795cf50914dda9a951887765a594b38af4"
  integrity sha512-Noy5yM5UIf9UeFoowBVgghyGGPIDPy1Qlqt0yVsUdAVbqI8eeMSsTqBtauaEoT2UFXUk5S64aWVNJN4MJ2vRdA==
  dependencies:
    "@vue/runtime-core" "3.3.8"
    "@vue/shared" "3.3.8"
    csstype "^3.1.2"

"@vue/server-renderer@3.3.8":
  version "3.3.8"
  resolved "https://registry.yarnpkg.com/@vue/server-renderer/-/server-renderer-3.3.8.tgz#9b1779010e75783edeed8fcfb97d9c95fc3ac5d2"
  integrity sha512-zVCUw7RFskvPuNlPn/8xISbrf0zTWsTSdYTsUTN1ERGGZGVnRxM2QZ3x1OR32+vwkkCm0IW6HmJ49IsPm7ilLg==
  dependencies:
    "@vue/compiler-ssr" "3.3.8"
    "@vue/shared" "3.3.8"

"@vue/shared@3.3.8":
  version "3.3.8"
  resolved "https://registry.yarnpkg.com/@vue/shared/-/shared-3.3.8.tgz#f044942142e1d3a395f24132e6203a784838542d"
  integrity sha512-8PGwybFwM4x8pcfgqEQFy70NaQxASvOC5DJwLQfpArw1UDfUXrJkdxD3BhVTMS+0Lef/TU7YO0Jvr0jJY8T+mw==

csstype@^3.1.2:
  version "3.1.2"
  resolved "https://registry.yarnpkg.com/csstype/-/csstype-3.1.2.tgz#1d4bf9d572f11c14031f0436e1c10bc1f571f50b"
  integrity sha512-I7K1Uu0MBPzaFKg4nI5Q7Vs2t+3gWWW648spaF+Rg7pI9ds18Ugn+lvg4SHczUdKlHI5LWBXyqfS8+DufyBsgQ==

esbuild@^0.18.10:
  version "0.18.11"
  resolved "https://registry.yarnpkg.com/esbuild/-/esbuild-0.18.11.tgz#cbf94dc3359d57f600a0dbf281df9b1d1b4a156e"
  integrity sha512-i8u6mQF0JKJUlGR3OdFLKldJQMMs8OqM9Cc3UCi9XXziJ9WERM5bfkHaEAy0YAvPRMgqSW55W7xYn84XtEFTtA==
  optionalDependencies:
    "@esbuild/android-arm" "0.18.11"
    "@esbuild/android-arm64" "0.18.11"
    "@esbuild/android-x64" "0.18.11"
    "@esbuild/darwin-arm64" "0.18.11"
    "@esbuild/darwin-x64" "0.18.11"
    "@esbuild/freebsd-arm64" "0.18.11"
    "@esbuild/freebsd-x64" "0.18.11"
    "@esbuild/linux-arm" "0.18.11"
    "@esbuild/linux-arm64" "0.18.11"
    "@esbuild/linux-ia32" "0.18.11"
    "@esbuild/linux-loong64" "0.18.11"
    "@esbuild/linux-mips64el" "0.18.11"
    "@esbuild/linux-ppc64" "0.18.11"
    "@esbuild/linux-riscv64" "0.18.11"
    "@esbuild/linux-s390x" "0.18.11"
    "@esbuild/linux-x64" "0.18.11"
    "@esbuild/netbsd-x64" "0.18.11"
    "@esbuild/openbsd-x64" "0.18.11"
    "@esbuild/sunos-x64" "0.18.11"
    "@esbuild/win32-arm64" "0.18.11"
    "@esbuild/win32-ia32" "0.18.11"
    "@esbuild/win32-x64" "0.18.11"

estree-walker@^2.0.2:
  version "2.0.2"
  resolved "https://registry.npmmirror.com/estree-walker/download/estree-walker-2.0.2.tgz#52f010178c2a4c117a7757cfe942adb7d2da4cac"
  integrity sha1-UvAQF4wqTBF6d1fP6UKtt9LaTKw=

fsevents@~2.3.2:
  version "2.3.2"
  resolved "https://registry.yarnpkg.com/fsevents/-/fsevents-2.3.2.tgz#8a526f78b8fdf4623b709e0b975c52c24c02fd1a"
  integrity sha512-xiqMQR4xAeHTuB9uWm+fFRcIOgKBMiOBP+eXiyT7jsgVCq1bkVygt00oASowB7EdtpOHaaPgKt812P9ab+DDKA==

magic-string@^0.30.5:
  version "0.30.5"
  resolved "https://registry.yarnpkg.com/magic-string/-/magic-string-0.30.5.tgz#1994d980bd1c8835dc6e78db7cbd4ae4f24746f9"
  integrity sha512-7xlpfBaQaP/T6Vh8MO/EqXSW5En6INHEvEXQiuff7Gku0PWjU3uf6w/j9o7O+SpB5fOAkrI5HeoNgwjEO0pFsA==
  dependencies:
    "@jridgewell/sourcemap-codec" "^1.4.15"

nanoid@^3.3.6:
  version "3.3.6"
  resolved "https://registry.yarnpkg.com/nanoid/-/nanoid-3.3.6.tgz#443380c856d6e9f9824267d960b4236ad583ea4c"
  integrity sha512-BGcqMMJuToF7i1rt+2PWSNVnWIkGCU78jBG3RxO/bZlnZPK2Cmi2QaffxGO/2RvWi9sL+FAiRiXMgsyxQ1DIDA==

picocolors@^1.0.0:
  version "1.0.0"
  resolved "https://registry.yarnpkg.com/picocolors/-/picocolors-1.0.0.tgz#cb5bdc74ff3f51892236eaf79d68bc44564ab81c"
  integrity sha512-1fygroTLlHu66zi26VoTDv8yRgm0Fccecssto+MhsZ0D/DGW2sm8E8AjW7NU5VVTRt5GxbeZ5qBuJr+HyLYkjQ==

postcss@^8.4.27:
  version "8.4.27"
  resolved "https://registry.yarnpkg.com/postcss/-/postcss-8.4.27.tgz#234d7e4b72e34ba5a92c29636734349e0d9c3057"
  integrity sha512-gY/ACJtJPSmUFPDCHtX78+01fHa64FaU4zaaWfuh1MhGJISufJAH4cun6k/8fwsHYeK4UQmENQK+tRLCFJE8JQ==
  dependencies:
    nanoid "^3.3.6"
    picocolors "^1.0.0"
    source-map-js "^1.0.2"

postcss@^8.4.31:
  version "8.4.31"
  resolved "https://registry.yarnpkg.com/postcss/-/postcss-8.4.31.tgz#92b451050a9f914da6755af352bdc0192508656d"
  integrity sha512-PS08Iboia9mts/2ygV3eLpY5ghnUcfLV/EXTOW1E2qYxJKGGBUtNjN76FYHnMs36RmARn41bC0AZmn+rR0OVpQ==
  dependencies:
    nanoid "^3.3.6"
    picocolors "^1.0.0"
    source-map-js "^1.0.2"

rollup@^3.27.1:
  version "3.28.0"
  resolved "https://registry.yarnpkg.com/rollup/-/rollup-3.28.0.tgz#a3c70004b01934760c0cb8df717c7a1d932389a2"
  integrity sha512-d7zhvo1OUY2SXSM6pfNjgD5+d0Nz87CUp4mt8l/GgVP3oBsPwzNvSzyu1me6BSG9JIgWNTVcafIXBIyM8yQ3yw==
  optionalDependencies:
    fsevents "~2.3.2"

source-map-js@^1.0.2:
  version "1.0.2"
  resolved "https://registry.npmmirror.com/source-map-js/download/source-map-js-1.0.2.tgz#adbc361d9c62df380125e7f161f71c826f1e490c"
  integrity sha512-R0XvVJ9WusLiqTCEiGCmICCMplcCkIwwR11mOSD9CR5u+IXYdiseeEuXCVAjS54zqwkLcPNnmU4OeJ6tUrWhDw==

undici-types@~5.26.4:
  version "5.26.5"
  resolved "https://registry.yarnpkg.com/undici-types/-/undici-types-5.26.5.tgz#bcd539893d00b56e964fd2657a4866b221a65617"
  integrity sha512-JlCMO+ehdEIKqlFxk6IfVoAUVmgz7cU7zD/h9XZ0qzeosSHmUJVOzSQvvYSYWXkFXC+IfLKSIffhv0sVZup6pA==

vite@^4.5.0:
  version "4.5.0"
  resolved "https://registry.yarnpkg.com/vite/-/vite-4.5.0.tgz#ec406295b4167ac3bc23e26f9c8ff559287cff26"
  integrity sha512-ulr8rNLA6rkyFAlVWw2q5YJ91v098AFQ2R0PRFwPzREXOUJQPtFUG0t+/ZikhaOCDqFoDhN6/v8Sq0o4araFAw==
  dependencies:
    esbuild "^0.18.10"
    postcss "^8.4.27"
    rollup "^3.27.1"
  optionalDependencies:
    fsevents "~2.3.2"

vue@^3.3.8:
  version "3.3.8"
  resolved "https://registry.yarnpkg.com/vue/-/vue-3.3.8.tgz#532ff071af24f6a69e5ecc53a66858a9ee874ffc"
  integrity sha512-5VSX/3DabBikOXMsxzlW8JyfeLKlG9mzqnWgLQLty88vdZL7ZJgrdgBOmrArwxiLtmS+lNNpPcBYqrhE6TQW5w==
  dependencies:
    "@vue/compiler-dom" "3.3.8"
    "@vue/compiler-sfc" "3.3.8"
    "@vue/runtime-dom" "3.3.8"
    "@vue/server-renderer" "3.3.8"
    "@vue/shared" "3.3.8"
